
Microsoft Visual Studio Solution File, Format Version 12.00
# Visual Studio Version 17
VisualStudioVersion = 17.10.34916.146
MinimumVisualStudioVersion = 10.0.40219.1
Project("{9A19103F-16F7-4668-BE54-9A1E7A4F7556}") = "WebApiUygulamalari", "WebApiUygulamalari\WebApiUygulamalari.csproj", "{308AE364-43F7-4765-8E2A-78CB59F6EEF5}"
EndProject
Project("{FAE04EC0-301F-11D3-BF4B-00C04F79EFBC}") = "WebGaleriMvc", "WebGaleriMvc\WebGaleriMvc.csproj", "{0D663B8A-4964-4686-9C55-FA48044BB1A8}"
EndProject
Global
	GlobalSection(SolutionConfigurationPlatforms) = preSolution
		Debug|Any CPU = Debug|Any CPU
		Release|Any CPU = Release|Any CPU
	EndGlobalSection
	GlobalSection(ProjectConfigurationPlatforms) = postSolution
		{308AE364-43F7-4765-8E2A-78CB59F6EEF5}.Debug|Any CPU.ActiveCfg = Debug|Any CPU
		{308AE364-43F7-4765-8E2A-78CB59F6EEF5}.Debug|Any CPU.Build.0 = Debug|Any CPU
		{308AE364-43F7-4765-8E2A-78CB59F6EEF5}.Release|Any CPU.ActiveCfg = Release|Any CPU
		{308AE364-43F7-4765-8E2A-78CB59F6EEF5}.Release|Any CPU.Build.0 = Release|Any CPU
		{0D663B8A-4964-4686-9C55-FA48044BB1A8}.Debug|Any CPU.ActiveCfg = Debug|Any CPU
		{0D663B8A-4964-4686-9C55-FA48044BB1A8}.Debug|Any CPU.Build.0 = Debug|Any CPU
		{0D663B8A-4964-4686-9C55-FA48044BB1A8}.Release|Any CPU.ActiveCfg = Release|Any CPU
		{0D663B8A-4964-4686-9C55-FA48044BB1A8}.Release|Any CPU.Build.0 = Release|Any CPU
	EndGlobalSection
	GlobalSection(SolutionProperties) = preSolution
		HideSolutionNode = FALSE
	EndGlobalSection
	GlobalSection(ExtensibilityGlobals) = postSolution
		SolutionGuid = {69F81EA3-7209-4F6E-B1A4-E25B7FD01B49}
	EndGlobalSection
EndGlobal
